
Microsoft Visual Studio Solution File, Format Version 12.00
# Visual Studio Version 16
VisualStudioVersion = 16.0.30621.155
MinimumVisualStudioVersion = 10.0.40219.1
Project("{FAE04EC0-301F-11D3-BF4B-00C04F79EFBC}") = "WindowsFormsApp2", "WindowsFormsApp2\WindowsFormsApp2.csproj", "{22EAA178-A41C-44F4-8E49-4961929D3D09}"
EndProject
Global
	GlobalSection(SolutionConfigurationPlatforms) = preSolution
		Debug|Any CPU = Debug|Any CPU
		Release|Any CPU = Release|Any CPU
	EndGlobalSection
	GlobalSection(ProjectConfigurationPlatforms) = postSolution
		{22EAA178-A41C-44F4-8E49-4961929D3D09}.Debug|Any CPU.ActiveCfg = Debug|Any CPU
		{22EAA178-A41C-44F4-8E49-4961929D3D09}.Debug|Any CPU.Build.0 = Debug|Any CPU
		{22EAA178-A41C-44F4-8E49-4961929D3D09}.Release|Any CPU.ActiveCfg = Release|Any CPU
		{22EAA178-A41C-44F4-8E49-4961929D3D09}.Release|Any CPU.Build.0 = Release|Any CPU
	EndGlobalSection
	GlobalSection(SolutionProperties) = preSolution
		HideSolutionNode = FALSE
	EndGlobalSection
	GlobalSection(ExtensibilityGlobals) = postSolution
		SolutionGuid = {B76242C6-34EC-4713-BE79-6C9B3F26C078}
	EndGlobalSection
EndGlobal
